// !$*UTF8*$!
{
	archiveVersion = 1;
	classes = {
	};
	objectVersion = 50;
	objects = {

/* Begin PBXBuildFile section */
		AFA363C5273ABACA00AB0F37 /* AppDelegate.swift in Sources */ = {isa = PBXBuildFile; fileRef = AFA363C4273ABACA00AB0F37 /* AppDelegate.swift */; };
		AFA363C7273ABACA00AB0F37 /* SceneDelegate.swift in Sources */ = {isa = PBXBuildFile; fileRef = AFA363C6273ABACA00AB0F37 /* SceneDelegate.swift */; };
		AFA363C9273ABACA00AB0F37 /* ViewController.swift in Sources */ = {isa = PBXBuildFile; fileRef = AFA363C8273ABACA00AB0F37 /* ViewController.swift */; };
		AFA363CC273ABACA00AB0F37 /* Main.storyboard in Resources */ = {isa = PBXBuildFile; fileRef = AFA363CA273ABACA00AB0F37 /* Main.storyboard */; };
		AFA363CE273ABACA00AB0F37 /* Assets.xcassets in Resources */ = {isa = PBXBuildFile; fileRef = AFA363CD273ABACA00AB0F37 /* Assets.xcassets */; };
		AFA363D1273ABACA00AB0F37 /* LaunchScreen.storyboard in Resources */ = {isa = PBXBuildFile; fileRef = AFA363CF273ABACA00AB0F37 /* LaunchScreen.storyboard */; };
		AFA363D9273C0A4D00AB0F37 /* c.png in Resources */ = {isa = PBXBuildFile; fileRef = AFA363D8273C0A4D00AB0F37 /* c.png */; };
		AFA363DB273C0A5A00AB0F37 /* b.png in Resources */ = {isa = PBXBuildFile; fileRef = AFA363DA273C0A5A00AB0F37 /* b.png */; };
		AFA363DD273C0A6400AB0F37 /* a.png in Resources */ = {isa = PBXBuildFile; fileRef = AFA363DC273C0A6400AB0F37 /* a.png */; };
		AFBB5CF52744D41500768840 /* ResultViewController.swift in Sources */ = {isa = PBXBuildFile; fileRef = AFBB5CF42744D41500768840 /* ResultViewController.swift */; };
/* End PBXBuildFile section */

/* Begin PBXFileReference section */
		AFA363C1273ABACA00AB0F37 /* SlideshowApp.app */ = {isa = PBXFileReference; explicitFileType = wrapper.application; includeInIndex = 0; path = SlideshowApp.app; sourceTree = BUILT_PRODUCTS_DIR; };
		AFA363C4273ABACA00AB0F37 /* AppDelegate.swift */ = {isa = PBXFileReference; lastKnownFileType = sourcecode.swift; path = AppDelegate.swift; sourceTree = "<group>"; };
		AFA363C6273ABACA00AB0F37 /* SceneDelegate.swift */ = {isa = PBXFileReference; lastKnownFileType = sourcecode.swift; path = SceneDelegate.swift; sourceTree = "<group>"; };
		AFA363C8273ABACA00AB0F37 /* ViewController.swift */ = {isa = PBXFileReference; lastKnownFileType = sourcecode.swift; path = ViewController.swift; sourceTree = "<group>"; };
		AFA363CB273ABACA00AB0F37 /* Base */ = {isa = PBXFileReference; lastKnownFileType = file.storyboard; name = Base; path = Base.lproj/Main.storyboard; sourceTree = "<group>"; };
		AFA363CD273ABACA00AB0F37 /* Assets.xcassets */ = {isa = PBXFileReference; lastKnownFileType = folder.assetcatalog; path = Assets.xcassets; sourceTree = "<group>"; };
		AFA363D0273ABACA00AB0F37 /* Base */ = {isa = PBXFileReference; lastKnownFileType = file.storyboard; name = Base; path = Base.lproj/LaunchScreen.storyboard; sourceTree = "<group>"; };
		AFA363D2273ABACA00AB0F37 /* Info.plist */ = {isa = PBXFileReference; lastKnownFileType = text.plist.xml; path = Info.plist; sourceTree = "<group>"; };
		AFA363D8273C0A4D00AB0F37 /* c.png */ = {isa = PBXFileReference; lastKnownFileType = image.png; path = c.png; sourceTree = "<group>"; };
		AFA363DA273C0A5A00AB0F37 /* b.png */ = {isa = PBXFileReference; lastKnownFileType = image.png; path = b.png; sourceTree = "<group>"; };
		AFA363DC273C0A6400AB0F37 /* a.png */ = {isa = PBXFileReference; lastKnownFileType = image.png; path = a.png; sourceTree = "<group>"; };
		AFBB5CF42744D41500768840 /* ResultViewController.swift */ = {isa = PBXFileReference; lastKnownFileType = sourcecode.swift; path = ResultViewController.swift; sourceTree = "<group>"; };
/* End PBXFileReference section */

/* Begin PBXFrameworksBuildPhase section */
		AFA363BE273ABACA00AB0F37 /* Frameworks */ = {
			isa = PBXFrameworksBuildPhase;
			buildActionMask = 2147483647;
			files = (
			);
			runOnlyForDeploymentPostprocessing = 0;
		};
/* End PBXFrameworksBuildPhase section */

/* Begin PBXGroup section */
		AFA363B8273ABAC900AB0F37 = {
			isa = PBXGroup;
			children = (
				AFA363C3273ABACA00AB0F37 /* SlideshowApp */,
				AFA363C2273ABACA00AB0F37 /* Products */,
			);
			sourceTree = "<group>";
		};
		AFA363C2273ABACA00AB0F37 /* Products */ = {
			isa = PBXGroup;
			children = (
				AFA363C1273ABACA00AB0F37 /* SlideshowApp.app */,
			);
			name = Products;
			sourceTree = "<group>";
		};
		AFA363C3273ABACA00AB0F37 /* SlideshowApp */ = {
			isa = PBXGroup;
			children = (
				AFA363C4273ABACA00AB0F37 /* AppDelegate.swift */,
				AFA363C6273ABACA00AB0F37 /* SceneDelegate.swift */,
				AFA363C8273ABACA00AB0F37 /* ViewController.swift */,
				AFBB5CF42744D41500768840 /* ResultViewController.swift */,
				AFA363DC273C0A6400AB0F37 /* a.png */,
				AFA363DA273C0A5A00AB0F37 /* b.png */,
				AFA363D8273C0A4D00AB0F37 /* c.png */,
				AFA363CA273ABACA00AB0F37 /* Main.storyboard */,
				AFA363CD273ABACA00AB0F37 /* Assets.xcassets */,
				AFA363CF273ABACA00AB0F37 /* LaunchScreen.storyboard */,
				AFA363D2273ABACA00AB0F37 /* Info.plist */,
			);
			path = SlideshowApp;
			sourceTree = "<group>";
		};
/* End PBXGroup section */

/* Begin PBXNativeTarget section */
		AFA363C0273ABACA00AB0F37 /* SlideshowApp */ = {
			isa = PBXNativeTarget;
			buildConfigurationList = AFA363D5273ABACA00AB0F37 /* Build configuration list for PBXNativeTarget "SlideshowApp" */;
			buildPhases = (
				AFA363BD273ABACA00AB0F37 /* Sources */,
				AFA363BE273ABACA00AB0F37 /* Frameworks */,
				AFA363BF273ABACA00AB0F37 /* Resources */,
			);
			buildRules = (
			);
			dependencies = (
			);
			name = SlideshowApp;
			productName = SlideshowApp;
			productReference = AFA363C1273ABACA00AB0F37 /* SlideshowApp.app */;
			productType = "com.apple.product-type.application";
		};
/* End PBXNativeTarget section */

/* Begin PBXProject section */
		AFA363B9273ABAC900AB0F37 /* Project object */ = {
			isa = PBXProject;
			attributes = {
				LastSwiftUpdateCheck = 1250;
				LastUpgradeCheck = 1250;
				TargetAttributes = {
					AFA363C0273ABACA00AB0F37 = {
						CreatedOnToolsVersion = 12.5.1;
					};
				};
			};
			buildConfigurationList = AFA363BC273ABAC900AB0F37 /* Build configuration list for PBXProject "SlideshowApp" */;
			compatibilityVersion = "Xcode 9.3";
			developmentRegion = en;
			hasScannedForEncodings = 0;
			knownRegions = (
				en,
				Base,
			);
			mainGroup = AFA363B8273ABAC900AB0F37;
			productRefGroup = AFA363C2273ABACA00AB0F37 /* Products */;
			projectDirPath = "";
			projectRoot = "";
			targets = (
				AFA363C0273ABACA00AB0F37 /* SlideshowApp */,
			);
		};
/* End PBXProject section */

/* Begin PBXResourcesBuildPhase section */
		AFA363BF273ABACA00AB0F37 /* Resources */ = {
			isa = PBXResourcesBuildPhase;
			buildActionMask = 2147483647;
			files = (
				AFA363DD273C0A6400AB0F37 /* a.png in Resources */,
				AFA363D9273C0A4D00AB0F37 /* c.png in Resources */,
				AFA363D1273ABACA00AB0F37 /* LaunchScreen.storyboard in Resources */,
				AFA363CE273ABACA00AB0F37 /* Assets.xcassets in Resources */,
				AFA363DB273C0A5A00AB0F37 /* b.png in Resources */,
				AFA363CC273ABACA00AB0F37 /* Main.storyboard in Resources */,
			);
			runOnlyForDeploymentPostprocessing = 0;
		};
/* End PBXResourcesBuildPhase section */

/* Begin PBXSourcesBuildPhase section */
		AFA363BD273ABACA00AB0F37 /* Sources */ = {
			isa = PBXSourcesBuildPhase;
			buildActionMask = 2147483647;
			files = (
				AFA363C9273ABACA00AB0F37 /* ViewController.swift in Sources */,
				AFA363C5273ABACA00AB0F37 /* AppDelegate.swift in Sources */,
				AFA363C7273ABACA00AB0F37 /* SceneDelegate.swift in Sources */,
				AFBB5CF52744D41500768840 /* ResultViewController.swift in Sources */,
			);
			runOnlyForDeploymentPostprocessing = 0;
		};
/* End PBXSourcesBuildPhase section */

/* Begin PBXVariantGroup section */
		AFA363CA273ABACA00AB0F37 /* Main.storyboard */ = {
			isa = PBXVariantGroup;
			children = (
				AFA363CB273ABACA00AB0F37 /* Base */,
			);
			name = Main.storyboard;
			sourceTree = "<group>";
		};
		AFA363CF273ABACA00AB0F37 /* LaunchScreen.storyboard */ = {
			isa = PBXVariantGroup;
			children = (
				AFA363D0273ABACA00AB0F37 /* Base */,
			);
			name = LaunchScreen.storyboard;
			sourceTree = "<group>";
		};
/* End PBXVariantGroup section */

/* Begin XCBuildConfiguration section */
		AFA363D3273ABACA00AB0F37 /* Debug */ = {
			isa = XCBuildConfiguration;
			buildSettings = {
				ALWAYS_SEARCH_USER_PATHS = NO;
				CLANG_ANALYZER_NONNULL = YES;
				CLANG_ANALYZER_NUMBER_OBJECT_CONVERSION = YES_AGGRESSIVE;
				CLANG_CXX_LANGUAGE_STANDARD = "gnu++14";
				CLANG_CXX_LIBRARY = "libc++";
				CLANG_ENABLE_MODULES = YES;
				CLANG_ENABLE_OBJC_ARC = YES;
				CLANG_ENABLE_OBJC_WEAK = YES;
				CLANG_WARN_BLOCK_CAPTURE_AUTORELEASING = YES;
				CLANG_WARN_BOOL_CONVERSION = YES;
				CLANG_WARN_COMMA = YES;
				CLANG_WARN_CONSTANT_CONVERSION = YES;
				CLANG_WARN_DEPRECATED_OBJC_IMPLEMENTATIONS = YES;
				CLANG_WARN_DIRECT_OBJC_ISA_USAGE = YES_ERROR;
				CLANG_WARN_DOCUMENTATION_COMMENTS = YES;
				CLANG_WARN_EMPTY_BODY = YES;
				CLANG_WARN_ENUM_CONVERSION = YES;
				CLANG_WARN_INFINITE_RECURSION = YES;
				CLANG_WARN_INT_CONVERSION = YES;
				CLANG_WARN_NON_LITERAL_NULL_CONVERSION = YES;
				CLANG_WARN_OBJC_IMPLICIT_RETAIN_SELF = YES;
				CLANG_WARN_OBJC_LITERAL_CONVERSION = YES;
				CLANG_WARN_OBJC_ROOT_CLASS = YES_ERROR;
				CLANG_WARN_QUOTED_INCLUDE_IN_FRAMEWORK_HEADER = YES;
				CLANG_WARN_RANGE_LOOP_ANALYSIS = YES;
				CLANG_WARN_STRICT_PROTOTYPES = YES;
				CLANG_WARN_SUSPICIOUS_MOVE = YES;
				CLANG_WARN_UNGUARDED_AVAILABILITY = YES_AGGRESSIVE;
				CLANG_WARN_UNREACHABLE_CODE = YES;
				CLANG_WARN__DUPLICATE_METHOD_MATCH = YES;
				COPY_PHASE_STRIP = NO;
				DEBUG_INFORMATION_FORMAT = dwarf;
				ENABLE_STRICT_OBJC_MSGSEND = YES;
				ENABLE_TESTABILITY = YES;
				GCC_C_LANGUAGE_STANDARD = gnu11;
				GCC_DYNAMIC_NO_PIC = NO;
				GCC_NO_COMMON_BLOCKS = YES;
				GCC_OPTIMIZATION_LEVEL = 0;
				GCC_PREPROCESSOR_DEFINITIONS = (
					"DEBUG=1",
					"$(inherited)",
				);
				GCC_WARN_64_TO_32_BIT_CONVERSION = YES;
				GCC_WARN_ABOUT_RETURN_TYPE = YES_ERROR;
				GCC_WARN_UNDECLARED_SELECTOR = YES;
				GCC_WARN_UNINITIALIZED_AUTOS = YES_AGGRESSIVE;
				GCC_WARN_UNUSED_FUNCTION = YES;
				GCC_WARN_UNUSED_VARIABLE = YES;
				IPHONEOS_DEPLOYMENT_TARGET = 14.5;
				MTL_ENABLE_DEBUG_INFO = INCLUDE_SOURCE;
				MTL_FAST_MATH = YES;
				ONLY_ACTIVE_ARCH = YES;
				SDKROOT = iphoneos;
				SWIFT_ACTIVE_COMPILATION_CONDITIONS = DEBUG;
				SWIFT_OPTIMIZATION_LEVEL = "-Onone";
			};
			name = Debug;
		};
		AFA363D4273ABACA00AB0F37 /* Release */ = {
			isa = XCBuildConfiguration;
			buildSettings = {
				ALWAYS_SEARCH_USER_PATHS = NO;
				CLANG_ANALYZER_NONNULL = YES;
				CLANG_ANALYZER_NUMBER_OBJECT_CONVERSION = YES_AGGRESSIVE;
				CLANG_CXX_LANGUAGE_STANDARD = "gnu++14";
				CLANG_CXX_LIBRARY = "libc++";
				CLANG_ENABLE_MODULES = YES;
				CLANG_ENABLE_OBJC_ARC = YES;
				CLANG_ENABLE_OBJC_WEAK = YES;
				CLANG_WARN_BLOCK_CAPTURE_AUTORELEASING = YES;
				CLANG_WARN_BOOL_CONVERSION = YES;
				CLANG_WARN_COMMA = YES;
				CLANG_WARN_CONSTANT_CONVERSION = YES;
				CLANG_WARN_DEPRECATED_OBJC_IMPLEMENTATIONS = YES;
				CLANG_WARN_DIRECT_OBJC_ISA_USAGE = YES_ERROR;
				CLANG_WARN_DOCUMENTATION_COMMENTS = YES;
				CLANG_WARN_EMPTY_BODY = YES;
				CLANG_WARN_ENUM_CONVERSION = YES;
				CLANG_WARN_INFINITE_RECURSION = YES;
				CLANG_WARN_INT_CONVERSION = YES;
				CLANG_WARN_NON_LITERAL_NULL_CONVERSION = YES;
				CLANG_WARN_OBJC_IMPLICIT_RETAIN_SELF = YES;
				CLANG_WARN_OBJC_LITERAL_CONVERSION = YES;
				CLANG_WARN_OBJC_ROOT_CLASS = YES_ERROR;
				CLANG_WARN_QUOTED_INCLUDE_IN_FRAMEWORK_HEADER = YES;
				CLANG_WARN_RANGE_LOOP_ANALYSIS = YES;
				CLANG_WARN_STRICT_PROTOTYPES = YES;
				CLANG_WARN_SUSPICIOUS_MOVE = YES;
				CLANG_WARN_UNGUARDED_AVAILABILITY = YES_AGGRESSIVE;
				CLANG_WARN_UNREACHABLE_CODE = YES;
				CLANG_WARN__DUPLICATE_METHOD_MATCH = YES;
				COPY_PHASE_STRIP = NO;
				DEBUG_INFORMATION_FORMAT = "dwarf-with-dsym";
				ENABLE_NS_ASSERTIONS = NO;
				ENABLE_STRICT_OBJC_MSGSEND = YES;
				GCC_C_LANGUAGE_STANDARD = gnu11;
				GCC_NO_COMMON_BLOCKS = YES;
				GCC_WARN_64_TO_32_BIT_CONVERSION = YES;
				GCC_WARN_ABOUT_RETURN_TYPE = YES_ERROR;
				GCC_WARN_UNDECLARED_SELECTOR = YES;
				GCC_WARN_UNINITIALIZED_AUTOS = YES_AGGRESSIVE;
				GCC_WARN_UNUSED_FUNCTION = YES;
				GCC_WARN_UNUSED_VARIABLE = YES;
				IPHONEOS_DEPLOYMENT_TARGET = 14.5;
				MTL_ENABLE_DEBUG_INFO = NO;
				MTL_FAST_MATH = YES;
				SDKROOT = iphoneos;
				SWIFT_COMPILATION_MODE = wholemodule;
				SWIFT_OPTIMIZATION_LEVEL = "-O";
				VALIDATE_PRODUCT = YES;
			};
			name = Release;
		};
		AFA363D6273ABACA00AB0F37 /* Debug */ = {
			isa = XCBuildConfiguration;
			buildSettings = {
				ASSETCATALOG_COMPILER_APPICON_NAME = AppIcon;
				ASSETCATALOG_COMPILER_GLOBAL_ACCENT_COLOR_NAME = AccentColor;
				CODE_SIGN_STYLE = Automatic;
				INFOPLIST_FILE = SlideshowApp/Info.plist;
				LD_RUNPATH_SEARCH_PATHS = (
					"$(inherited)",
					"@executable_path/Frameworks",
				);
				PRODUCT_BUNDLE_IDENTIFIER = shoutatadano.SlideshowApp;
				PRODUCT_NAME = "$(TARGET_NAME)";
				SWIFT_VERSION = 5.0;
				TARGETED_DEVICE_FAMILY = "1,2";
			};
			name = Debug;
		};
		AFA363D7273ABACA00AB0F37 /* Release */ = {
			isa = XCBuildConfiguration;
			buildSettings = {
				ASSETCATALOG_COMPILER_APPICON_NAME = AppIcon;
				ASSETCATALOG_COMPILER_GLOBAL_ACCENT_COLOR_NAME = AccentColor;
				CODE_SIGN_STYLE = Automatic;
				INFOPLIST_FILE = SlideshowApp/Info.plist;
				LD_RUNPATH_SEARCH_PATHS = (
					"$(inherited)",
					"@executable_path/Frameworks",
				);
				PRODUCT_BUNDLE_IDENTIFIER = shoutatadano.SlideshowApp;
				PRODUCT_NAME = "$(TARGET_NAME)";
				SWIFT_VERSION = 5.0;
				TARGETED_DEVICE_FAMILY = "1,2";
			};
			name = Release;
		};
/* End XCBuildConfiguration section */

/* Begin XCConfigurationList section */
		AFA363BC273ABAC900AB0F37 /* Build configuration list for PBXProject "SlideshowApp" */ = {
			isa = XCConfigurationList;
			buildConfigurations = (
				AFA363D3273ABACA00AB0F37 /* Debug */,
				AFA363D4273ABACA00AB0F37 /* Release */,
			);
			defaultConfigurationIsVisible = 0;
			defaultConfigurationName = Release;
		};
		AFA363D5273ABACA00AB0F37 /* Build configuration list for PBXNativeTarget "SlideshowApp" */ = {
			isa = XCConfigurationList;
			buildConfigurations = (
				AFA363D6273ABACA00AB0F37 /* Debug */,
				AFA363D7273ABACA00AB0F37 /* Release */,
			);
			defaultConfigurationIsVisible = 0;
			defaultConfigurationName = Release;
		};
/* End XCConfigurationList section */
	};
	rootObject = AFA363B9273ABAC900AB0F37 /* Project object */;
}
